
Microsoft Visual Studio Solution File, Format Version 12.00
# Visual Studio Version 17
VisualStudioVersion = 17.7.34018.315
MinimumVisualStudioVersion = 10.0.40219.1
Project("{FAE04EC0-301F-11D3-BF4B-00C04F79EFBC}") = "Brute-Force-Blocker", "Brute-Force-Blocker\Brute-Force-Blocker.csproj", "{3870E6CC-3832-4973-93C9-DF3FA3B120B1}"
EndProject
Global
	GlobalSection(SolutionConfigurationPlatforms) = preSolution
		Debug|Any CPU = Debug|Any CPU
		Release|Any CPU = Release|Any CPU
	EndGlobalSection
	GlobalSection(ProjectConfigurationPlatforms) = postSolution
		{3870E6CC-3832-4973-93C9-DF3FA3B120B1}.Debug|Any CPU.ActiveCfg = Debug|Any CPU
		{3870E6CC-3832-4973-93C9-DF3FA3B120B1}.Debug|Any CPU.Build.0 = Debug|Any CPU
		{3870E6CC-3832-4973-93C9-DF3FA3B120B1}.Release|Any CPU.ActiveCfg = Release|Any CPU
		{3870E6CC-3832-4973-93C9-DF3FA3B120B1}.Release|Any CPU.Build.0 = Release|Any CPU
	EndGlobalSection
	GlobalSection(SolutionProperties) = preSolution
		HideSolutionNode = FALSE
	EndGlobalSection
	GlobalSection(ExtensibilityGlobals) = postSolution
		SolutionGuid = {15E960EB-CAF3-4B11-89C4-0762238BDDCD}
	EndGlobalSection
EndGlobal
